
Microsoft Visual Studio Solution File, Format Version 12.00
# Visual Studio 15
VisualStudioVersion = 15.0.27428.2037
MinimumVisualStudioVersion = 10.0.40219.1
Project("{FAE04EC0-301F-11D3-BF4B-00C04F79EFBC}") = "MessagingServer", "MessagingServer\MessagingServer.csproj", "{17D5DAF9-78C0-4D9F-9D94-4A0672296AE3}"
EndProject
Project("{FAE04EC0-301F-11D3-BF4B-00C04F79EFBC}") = "ClientLib", "ClientLib\ClientLib.csproj", "{A16C459E-7EDA-483A-AE04-24F2DB5CEB4B}"
EndProject
Project("{FAE04EC0-301F-11D3-BF4B-00C04F79EFBC}") = "ServerLibs", "ServerLibs\ServerLibs.csproj", "{A7BE60E2-B2E4-42E9-919C-21B9C93D34F8}"
EndProject
Project("{FAE04EC0-301F-11D3-BF4B-00C04F79EFBC}") = "ClientMessagingApp", "ClientMessagingApp\ClientMessagingApp.csproj", "{1FC51EA2-6BDC-461F-A866-33466E9A48AE}"
EndProject
Project("{FAE04EC0-301F-11D3-BF4B-00C04F79EFBC}") = "SharedLibs", "SharedLibs\SharedLibs.csproj", "{91B1021F-64A5-4940-86CF-75F6A631D9C6}"
EndProject
Global
	GlobalSection(SolutionConfigurationPlatforms) = preSolution
		Debug|Any CPU = Debug|Any CPU
		Release|Any CPU = Release|Any CPU
	EndGlobalSection
	GlobalSection(ProjectConfigurationPlatforms) = postSolution
		{17D5DAF9-78C0-4D9F-9D94-4A0672296AE3}.Debug|Any CPU.ActiveCfg = Debug|Any CPU
		{17D5DAF9-78C0-4D9F-9D94-4A0672296AE3}.Debug|Any CPU.Build.0 = Debug|Any CPU
		{17D5DAF9-78C0-4D9F-9D94-4A0672296AE3}.Release|Any CPU.ActiveCfg = Release|Any CPU
		{17D5DAF9-78C0-4D9F-9D94-4A0672296AE3}.Release|Any CPU.Build.0 = Release|Any CPU
		{A16C459E-7EDA-483A-AE04-24F2DB5CEB4B}.Debug|Any CPU.ActiveCfg = Debug|Any CPU
		{A16C459E-7EDA-483A-AE04-24F2DB5CEB4B}.Debug|Any CPU.Build.0 = Debug|Any CPU
		{A16C459E-7EDA-483A-AE04-24F2DB5CEB4B}.Release|Any CPU.ActiveCfg = Release|Any CPU
		{A16C459E-7EDA-483A-AE04-24F2DB5CEB4B}.Release|Any CPU.Build.0 = Release|Any CPU
		{A7BE60E2-B2E4-42E9-919C-21B9C93D34F8}.Debug|Any CPU.ActiveCfg = Debug|Any CPU
		{A7BE60E2-B2E4-42E9-919C-21B9C93D34F8}.Debug|Any CPU.Build.0 = Debug|Any CPU
		{A7BE60E2-B2E4-42E9-919C-21B9C93D34F8}.Release|Any CPU.ActiveCfg = Release|Any CPU
		{A7BE60E2-B2E4-42E9-919C-21B9C93D34F8}.Release|Any CPU.Build.0 = Release|Any CPU
		{1FC51EA2-6BDC-461F-A866-33466E9A48AE}.Debug|Any CPU.ActiveCfg = Debug|Any CPU
		{1FC51EA2-6BDC-461F-A866-33466E9A48AE}.Debug|Any CPU.Build.0 = Debug|Any CPU
		{1FC51EA2-6BDC-461F-A866-33466E9A48AE}.Release|Any CPU.ActiveCfg = Release|Any CPU
		{1FC51EA2-6BDC-461F-A866-33466E9A48AE}.Release|Any CPU.Build.0 = Release|Any CPU
		{91B1021F-64A5-4940-86CF-75F6A631D9C6}.Debug|Any CPU.ActiveCfg = Debug|Any CPU
		{91B1021F-64A5-4940-86CF-75F6A631D9C6}.Debug|Any CPU.Build.0 = Debug|Any CPU
		{91B1021F-64A5-4940-86CF-75F6A631D9C6}.Release|Any CPU.ActiveCfg = Release|Any CPU
		{91B1021F-64A5-4940-86CF-75F6A631D9C6}.Release|Any CPU.Build.0 = Release|Any CPU
	EndGlobalSection
	GlobalSection(SolutionProperties) = preSolution
		HideSolutionNode = FALSE
	EndGlobalSection
	GlobalSection(ExtensibilityGlobals) = postSolution
		SolutionGuid = {21DEAC4B-18FB-4A1C-83B3-5E6D7488CD0B}
	EndGlobalSection
EndGlobal
